// !$*UTF8*$!
{
	archiveVersion = 1;
	classes = {
	};
	objectVersion = 46;
	objects = {

/* Begin PBXBuildFile section */
		4E156DC818A81E7E009F28C8 /* Foundation.framework in Frameworks */ = {isa = PBXBuildFile; fileRef = 4E156DC718A81E7E009F28C8 /* Foundation.framework */; };
		4E156DCA18A81E7E009F28C8 /* CoreGraphics.framework in Frameworks */ = {isa = PBXBuildFile; fileRef = 4E156DC918A81E7E009F28C8 /* CoreGraphics.framework */; };
		4E156DCC18A81E7E009F28C8 /* UIKit.framework in Frameworks */ = {isa = PBXBuildFile; fileRef = 4E156DCB18A81E7E009F28C8 /* UIKit.framework */; };
		4E156DD218A81E7E009F28C8 /* InfoPlist.strings in Resources */ = {isa = PBXBuildFile; fileRef = 4E156DD018A81E7E009F28C8 /* InfoPlist.strings */; };
		4E156DD418A81E7E009F28C8 /* main.m in Sources */ = {isa = PBXBuildFile; fileRef = 4E156DD318A81E7E009F28C8 /* main.m */; };
		4E156DD818A81E7E009F28C8 /* AppDelegate.m in Sources */ = {isa = PBXBuildFile; fileRef = 4E156DD718A81E7E009F28C8 /* AppDelegate.m */; };
		4E156DDB18A81E7E009F28C8 /* Main.storyboard in Resources */ = {isa = PBXBuildFile; fileRef = 4E156DD918A81E7E009F28C8 /* Main.storyboard */; };
		4E156DDE18A81E7E009F28C8 /* PlayerViewController.m in Sources */ = {isa = PBXBuildFile; fileRef = 4E156DDD18A81E7E009F28C8 /* PlayerViewController.m */; };
		4E156DE018A81E7E009F28C8 /* Images.xcassets in Resources */ = {isa = PBXBuildFile; fileRef = 4E156DDF18A81E7E009F28C8 /* Images.xcassets */; };
		4E156DE718A81E7E009F28C8 /* XCTest.framework in Frameworks */ = {isa = PBXBuildFile; fileRef = 4E156DE618A81E7E009F28C8 /* XCTest.framework */; };
		4E156DE818A81E7E009F28C8 /* Foundation.framework in Frameworks */ = {isa = PBXBuildFile; fileRef = 4E156DC718A81E7E009F28C8 /* Foundation.framework */; };
		4E156DE918A81E7E009F28C8 /* UIKit.framework in Frameworks */ = {isa = PBXBuildFile; fileRef = 4E156DCB18A81E7E009F28C8 /* UIKit.framework */; };
		4E156DF118A81E7E009F28C8 /* InfoPlist.strings in Resources */ = {isa = PBXBuildFile; fileRef = 4E156DEF18A81E7E009F28C8 /* InfoPlist.strings */; };
		4E156DF318A81E7E009F28C8 /* RadioGuerrillaPlayerTests.m in Sources */ = {isa = PBXBuildFile; fileRef = 4E156DF218A81E7E009F28C8 /* RadioGuerrillaPlayerTests.m */; };
		4E156DFF18A95E67009F28C8 /* AVFoundation.framework in Frameworks */ = {isa = PBXBuildFile; fileRef = 4E156DFE18A95E67009F28C8 /* AVFoundation.framework */; };
		4E156E0218AAD037009F28C8 /* RGAudioSessionManager.m in Sources */ = {isa = PBXBuildFile; fileRef = 4E156E0118AAD037009F28C8 /* RGAudioSessionManager.m */; };
		4E156E0618AAD0CB009F28C8 /* RGPlayController.m in Sources */ = {isa = PBXBuildFile; fileRef = 4E156E0518AAD0CB009F28C8 /* RGPlayController.m */; };
		4E156EEA18AEAA49009F28C8 /* pause.png in Resources */ = {isa = PBXBuildFile; fileRef = 4E156EE618AEAA49009F28C8 /* pause.png */; };
		4E156EEB18AEAA49009F28C8 /* pause@2x.png in Resources */ = {isa = PBXBuildFile; fileRef = 4E156EE718AEAA49009F28C8 /* pause@2x.png */; };
		4E156EEC18AEAA49009F28C8 /* play.png in Resources */ = {isa = PBXBuildFile; fileRef = 4E156EE818AEAA49009F28C8 /* play.png */; };
		4E156EED18AEAA49009F28C8 /* play@2x.png in Resources */ = {isa = PBXBuildFile; fileRef = 4E156EE918AEAA49009F28C8 /* play@2x.png */; };
		4E156EEF18AEAC13009F28C8 /* radio-guerrilla-logo.png in Resources */ = {isa = PBXBuildFile; fileRef = 4E156EEE18AEAC13009F28C8 /* radio-guerrilla-logo.png */; };
		4E229D3A18C1FDF3003F8B5C /* app_icon58.png in Resources */ = {isa = PBXBuildFile; fileRef = 4E229D3718C1FDF3003F8B5C /* app_icon58.png */; };
		4E229D3B18C1FDF3003F8B5C /* app_icon80.png in Resources */ = {isa = PBXBuildFile; fileRef = 4E229D3818C1FDF3003F8B5C /* app_icon80.png */; };
		4E229D3C18C1FDF3003F8B5C /* app_icon120.png in Resources */ = {isa = PBXBuildFile; fileRef = 4E229D3918C1FDF3003F8B5C /* app_icon120.png */; };
		4E36A2CC18B9F05C0064E613 /* Artist.m in Sources */ = {isa = PBXBuildFile; fileRef = 4E36A2CB18B9F05C0064E613 /* Artist.m */; };
		4E36A2CF18B9F05C0064E613 /* FavoriteSong.m in Sources */ = {isa = PBXBuildFile; fileRef = 4E36A2CE18B9F05C0064E613 /* FavoriteSong.m */; };
		4E36A2D218BB82480064E613 /* SettingsViewController.m in Sources */ = {isa = PBXBuildFile; fileRef = 4E36A2D118BB82480064E613 /* SettingsViewController.m */; };
		4E36A2D518BB85310064E613 /* settings.png in Resources */ = {isa = PBXBuildFile; fileRef = 4E36A2D318BB85310064E613 /* settings.png */; };
		4E36A2D618BB85310064E613 /* settings@2x.png in Resources */ = {isa = PBXBuildFile; fileRef = 4E36A2D418BB85310064E613 /* settings@2x.png */; };
		4E899A5118AFFB0A008FCB04 /* LastfmClient.m in Sources */ = {isa = PBXBuildFile; fileRef = 4E899A5018AFFB0A008FCB04 /* LastfmClient.m */; };
		4E899A5418AFFC48008FCB04 /* SystemConfiguration.framework in Frameworks */ = {isa = PBXBuildFile; fileRef = 4E899A5318AFFC48008FCB04 /* SystemConfiguration.framework */; };
		4E899A5718AFFD92008FCB04 /* Reachability.m in Sources */ = {isa = PBXBuildFile; fileRef = 4E899A5618AFFD92008FCB04 /* Reachability.m */; };
		4E899A5A18B0BB1A008FCB04 /* ArtistInfo.m in Sources */ = {isa = PBXBuildFile; fileRef = 4E899A5918B0BB1A008FCB04 /* ArtistInfo.m */; };
		4E899A5D18B0E64E008FCB04 /* ArtistInfoResponse.m in Sources */ = {isa = PBXBuildFile; fileRef = 4E899A5C18B0E64E008FCB04 /* ArtistInfoResponse.m */; };
		4E899A6018B136BD008FCB04 /* Model.xcdatamodeld in Sources */ = {isa = PBXBuildFile; fileRef = 4E899A5E18B136BD008FCB04 /* Model.xcdatamodeld */; };
		4E899A7C18B14317008FCB04 /* Artist+Guerrilla.m in Sources */ = {isa = PBXBuildFile; fileRef = 4E899A7B18B14317008FCB04 /* Artist+Guerrilla.m */; };
		4E899A7F18B14343008FCB04 /* FavoriteSong+Guerrilla.m in Sources */ = {isa = PBXBuildFile; fileRef = 4E899A7E18B14343008FCB04 /* FavoriteSong+Guerrilla.m */; };
		4E899A8318B2A1BB008FCB04 /* CoreDataTableViewController.m in Sources */ = {isa = PBXBuildFile; fileRef = 4E899A8218B2A1BB008FCB04 /* CoreDataTableViewController.m */; };
		4E899A8618B2A291008FCB04 /* FavoriteSongsCDTVC.m in Sources */ = {isa = PBXBuildFile; fileRef = 4E899A8518B2A291008FCB04 /* FavoriteSongsCDTVC.m */; };
		4E899A8918B3EA96008FCB04 /* filled_star.png in Resources */ = {isa = PBXBuildFile; fileRef = 4E899A8718B3EA96008FCB04 /* filled_star.png */; };
		4E899A8A18B3EA96008FCB04 /* filled_star@2x.png in Resources */ = {isa = PBXBuildFile; fileRef = 4E899A8818B3EA96008FCB04 /* filled_star@2x.png */; };
		4E899A8D18B3EB69008FCB04 /* empty_star.png in Resources */ = {isa = PBXBuildFile; fileRef = 4E899A8B18B3EB69008FCB04 /* empty_star.png */; };
		4E899A8E18B3EB69008FCB04 /* empty_star@2x.png in Resources */ = {isa = PBXBuildFile; fileRef = 4E899A8C18B3EB69008FCB04 /* empty_star@2x.png */; };
		4E899A9118B419F8008FCB04 /* radio.png in Resources */ = {isa = PBXBuildFile; fileRef = 4E899A8F18B419F8008FCB04 /* radio.png */; };
		4E899A9218B419F8008FCB04 /* radio@2x.png in Resources */ = {isa = PBXBuildFile; fileRef = 4E899A9018B419F8008FCB04 /* radio@2x.png */; };
		4E899A9518B41ADE008FCB04 /* star.png in Resources */ = {isa = PBXBuildFile; fileRef = 4E899A9318B41ADE008FCB04 /* star.png */; };
		4E899A9618B41ADE008FCB04 /* star@2x.png in Resources */ = {isa = PBXBuildFile; fileRef = 4E899A9418B41ADE008FCB04 /* star@2x.png */; };
/* End PBXBuildFile section */

/* Begin PBXContainerItemProxy section */
		4E156DEA18A81E7E009F28C8 /* PBXContainerItemProxy */ = {
			isa = PBXContainerItemProxy;
			containerPortal = 4E156DBC18A81E7E009F28C8 /* Project object */;
			proxyType = 1;
			remoteGlobalIDString = 4E156DC318A81E7E009F28C8;
			remoteInfo = RadioGuerrillaPlayer;
		};
/* End PBXContainerItemProxy section */

/* Begin PBXFileReference section */
		4E156DC418A81E7E009F28C8 /* RadioGuerrillaPlayer.app */ = {isa = PBXFileReference; explicitFileType = wrapper.application; includeInIndex = 0; path = RadioGuerrillaPlayer.app; sourceTree = BUILT_PRODUCTS_DIR; };
		4E156DC718A81E7E009F28C8 /* Foundation.framework */ = {isa = PBXFileReference; lastKnownFileType = wrapper.framework; name = Foundation.framework; path = System/Library/Frameworks/Foundation.framework; sourceTree = SDKROOT; };
		4E156DC918A81E7E009F28C8 /* CoreGraphics.framework */ = {isa = PBXFileReference; lastKnownFileType = wrapper.framework; name = CoreGraphics.framework; path = System/Library/Frameworks/CoreGraphics.framework; sourceTree = SDKROOT; };
		4E156DCB18A81E7E009F28C8 /* UIKit.framework */ = {isa = PBXFileReference; lastKnownFileType = wrapper.framework; name = UIKit.framework; path = System/Library/Frameworks/UIKit.framework; sourceTree = SDKROOT; };
		4E156DCF18A81E7E009F28C8 /* RadioGuerrillaPlayer-Info.plist */ = {isa = PBXFileReference; lastKnownFileType = text.plist.xml; path = "RadioGuerrillaPlayer-Info.plist"; sourceTree = "<group>"; };
		4E156DD118A81E7E009F28C8 /* en */ = {isa = PBXFileReference; lastKnownFileType = text.plist.strings; name = en; path = en.lproj/InfoPlist.strings; sourceTree = "<group>"; };
		4E156DD318A81E7E009F28C8 /* main.m */ = {isa = PBXFileReference; lastKnownFileType = sourcecode.c.objc; path = main.m; sourceTree = "<group>"; };
		4E156DD518A81E7E009F28C8 /* RadioGuerrillaPlayer-Prefix.pch */ = {isa = PBXFileReference; lastKnownFileType = sourcecode.c.h; path = "RadioGuerrillaPlayer-Prefix.pch"; sourceTree = "<group>"; };
		4E156DD618A81E7E009F28C8 /* AppDelegate.h */ = {isa = PBXFileReference; lastKnownFileType = sourcecode.c.h; path = AppDelegate.h; sourceTree = "<group>"; };
		4E156DD718A81E7E009F28C8 /* AppDelegate.m */ = {isa = PBXFileReference; lastKnownFileType = sourcecode.c.objc; path = AppDelegate.m; sourceTree = "<group>"; };
		4E156DDA18A81E7E009F28C8 /* Base */ = {isa = PBXFileReference; lastKnownFileType = file.storyboard; name = Base; path = Base.lproj/Main.storyboard; sourceTree = "<group>"; };
		4E156DDC18A81E7E009F28C8 /* PlayerViewController.h */ = {isa = PBXFileReference; lastKnownFileType = sourcecode.c.h; path = PlayerViewController.h; sourceTree = "<group>"; };
		4E156DDD18A81E7E009F28C8 /* PlayerViewController.m */ = {isa = PBXFileReference; lastKnownFileType = sourcecode.c.objc; path = PlayerViewController.m; sourceTree = "<group>"; };
		4E156DDF18A81E7E009F28C8 /* Images.xcassets */ = {isa = PBXFileReference; lastKnownFileType = folder.assetcatalog; path = Images.xcassets; sourceTree = "<group>"; };
		4E156DE518A81E7E009F28C8 /* RadioGuerrillaPlayerTests.xctest */ = {isa = PBXFileReference; explicitFileType = wrapper.cfbundle; includeInIndex = 0; path = RadioGuerrillaPlayerTests.xctest; sourceTree = BUILT_PRODUCTS_DIR; };
		4E156DE618A81E7E009F28C8 /* XCTest.framework */ = {isa = PBXFileReference; lastKnownFileType = wrapper.framework; name = XCTest.framework; path = Library/Frameworks/XCTest.framework; sourceTree = DEVELOPER_DIR; };
		4E156DEE18A81E7E009F28C8 /* RadioGuerrillaPlayerTests-Info.plist */ = {isa = PBXFileReference; lastKnownFileType = text.plist.xml; path = "RadioGuerrillaPlayerTests-Info.plist"; sourceTree = "<group>"; };
		4E156DF018A81E7E009F28C8 /* en */ = {isa = PBXFileReference; lastKnownFileType = text.plist.strings; name = en; path = en.lproj/InfoPlist.strings; sourceTree = "<group>"; };
		4E156DF218A81E7E009F28C8 /* RadioGuerrillaPlayerTests.m */ = {isa = PBXFileReference; lastKnownFileType = sourcecode.c.objc; path = RadioGuerrillaPlayerTests.m; sourceTree = "<group>"; };
		4E156DFC18A821A3009F28C8 /* MediaPlayer.framework */ = {isa = PBXFileReference; lastKnownFileType = wrapper.framework; name = MediaPlayer.framework; path = System/Library/Frameworks/MediaPlayer.framework; sourceTree = SDKROOT; };
		4E156DFE18A95E67009F28C8 /* AVFoundation.framework */ = {isa = PBXFileReference; lastKnownFileType = wrapper.framework; name = AVFoundation.framework; path = System/Library/Frameworks/AVFoundation.framework; sourceTree = SDKROOT; };
		4E156E0018AAD037009F28C8 /* RGAudioSessionManager.h */ = {isa = PBXFileReference; fileEncoding = 4; lastKnownFileType = sourcecode.c.h; name = RGAudioSessionManager.h; path = AudioSession/RGAudioSessionManager.h; sourceTree = "<group>"; };
		4E156E0118AAD037009F28C8 /* RGAudioSessionManager.m */ = {isa = PBXFileReference; fileEncoding = 4; lastKnownFileType = sourcecode.c.objc; name = RGAudioSessionManager.m; path = AudioSession/RGAudioSessionManager.m; sourceTree = "<group>"; };
		4E156E0418AAD0CB009F28C8 /* RGPlayController.h */ = {isa = PBXFileReference; fileEncoding = 4; lastKnownFileType = sourcecode.c.h; name = RGPlayController.h; path = AudioSession/RGPlayController.h; sourceTree = "<group>"; };
		4E156E0518AAD0CB009F28C8 /* RGPlayController.m */ = {isa = PBXFileReference; fileEncoding = 4; lastKnownFileType = sourcecode.c.objc; name = RGPlayController.m; path = AudioSession/RGPlayController.m; sourceTree = "<group>"; };
		4E156EE618AEAA49009F28C8 /* pause.png */ = {isa = PBXFileReference; lastKnownFileType = image.png; name = pause.png; path = Images/pause.png; sourceTree = "<group>"; };
		4E156EE718AEAA49009F28C8 /* pause@2x.png */ = {isa = PBXFileReference; lastKnownFileType = image.png; name = "pause@2x.png"; path = "Images/pause@2x.png"; sourceTree = "<group>"; };
		4E156EE818AEAA49009F28C8 /* play.png */ = {isa = PBXFileReference; lastKnownFileType = image.png; name = play.png; path = Images/play.png; sourceTree = "<group>"; };
		4E156EE918AEAA49009F28C8 /* play@2x.png */ = {isa = PBXFileReference; lastKnownFileType = image.png; name = "play@2x.png"; path = "Images/play@2x.png"; sourceTree = "<group>"; };
		4E156EEE18AEAC13009F28C8 /* radio-guerrilla-logo.png */ = {isa = PBXFileReference; lastKnownFileType = image.png; name = "radio-guerrilla-logo.png"; path = "Images/radio-guerrilla-logo.png"; sourceTree = "<group>"; };
		4E229D3718C1FDF3003F8B5C /* app_icon58.png */ = {isa = PBXFileReference; lastKnownFileType = image.png; name = app_icon58.png; path = Images/app_icon58.png; sourceTree = "<group>"; };
		4E229D3818C1FDF3003F8B5C /* app_icon80.png */ = {isa = PBXFileReference; lastKnownFileType = image.png; name = app_icon80.png; path = Images/app_icon80.png; sourceTree = "<group>"; };
		4E229D3918C1FDF3003F8B5C /* app_icon120.png */ = {isa = PBXFileReference; lastKnownFileType = image.png; name = app_icon120.png; path = Images/app_icon120.png; sourceTree = "<group>"; };
		4E36A2CA18B9F05C0064E613 /* Artist.h */ = {isa = PBXFileReference; fileEncoding = 4; lastKnownFileType = sourcecode.c.h; path = Artist.h; sourceTree = "<group>"; };
		4E36A2CB18B9F05C0064E613 /* Artist.m */ = {isa = PBXFileReference; fileEncoding = 4; lastKnownFileType = sourcecode.c.objc; path = Artist.m; sourceTree = "<group>"; };
		4E36A2CD18B9F05C0064E613 /* FavoriteSong.h */ = {isa = PBXFileReference; fileEncoding = 4; lastKnownFileType = sourcecode.c.h; path = FavoriteSong.h; sourceTree = "<group>"; };
		4E36A2CE18B9F05C0064E613 /* FavoriteSong.m */ = {isa = PBXFileReference; fileEncoding = 4; lastKnownFileType = sourcecode.c.objc; path = FavoriteSong.m; sourceTree = "<group>"; };
		4E36A2D018BB82480064E613 /* SettingsViewController.h */ = {isa = PBXFileReference; fileEncoding = 4; lastKnownFileType = sourcecode.c.h; path = SettingsViewController.h; sourceTree = "<group>"; };
		4E36A2D118BB82480064E613 /* SettingsViewController.m */ = {isa = PBXFileReference; fileEncoding = 4; lastKnownFileType = sourcecode.c.objc; path = SettingsViewController.m; sourceTree = "<group>"; };
		4E36A2D318BB85310064E613 /* settings.png */ = {isa = PBXFileReference; lastKnownFileType = image.png; name = settings.png; path = Images/settings.png; sourceTree = "<group>"; };
		4E36A2D418BB85310064E613 /* settings@2x.png */ = {isa = PBXFileReference; lastKnownFileType = image.png; name = "settings@2x.png"; path = "Images/settings@2x.png"; sourceTree = "<group>"; };
		4E899A4F18AFFB0A008FCB04 /* LastfmClient.h */ = {isa = PBXFileReference; fileEncoding = 4; lastKnownFileType = sourcecode.c.h; name = LastfmClient.h; path = ../Lastfm/LastfmClient.h; sourceTree = "<group>"; };
		4E899A5018AFFB0A008FCB04 /* LastfmClient.m */ = {isa = PBXFileReference; fileEncoding = 4; lastKnownFileType = sourcecode.c.objc; name = LastfmClient.m; path = ../Lastfm/LastfmClient.m; sourceTree = "<group>"; };
		4E899A5318AFFC48008FCB04 /* SystemConfiguration.framework */ = {isa = PBXFileReference; lastKnownFileType = wrapper.framework; name = SystemConfiguration.framework; path = System/Library/Frameworks/SystemConfiguration.framework; sourceTree = SDKROOT; };
		4E899A5518AFFD92008FCB04 /* Reachability.h */ = {isa = PBXFileReference; fileEncoding = 4; lastKnownFileType = sourcecode.c.h; path = Reachability.h; sourceTree = "<group>"; };
		4E899A5618AFFD92008FCB04 /* Reachability.m */ = {isa = PBXFileReference; fileEncoding = 4; lastKnownFileType = sourcecode.c.objc; path = Reachability.m; sourceTree = "<group>"; };
		4E899A5818B0BB1A008FCB04 /* ArtistInfo.h */ = {isa = PBXFileReference; fileEncoding = 4; lastKnownFileType = sourcecode.c.h; path = ArtistInfo.h; sourceTree = "<group>"; };
		4E899A5918B0BB1A008FCB04 /* ArtistInfo.m */ = {isa = PBXFileReference; fileEncoding = 4; lastKnownFileType = sourcecode.c.objc; path = ArtistInfo.m; sourceTree = "<group>"; };
		4E899A5B18B0E64E008FCB04 /* ArtistInfoResponse.h */ = {isa = PBXFileReference; fileEncoding = 4; lastKnownFileType = sourcecode.c.h; path = ArtistInfoResponse.h; sourceTree = "<group>"; };
		4E899A5C18B0E64E008FCB04 /* ArtistInfoResponse.m */ = {isa = PBXFileReference; fileEncoding = 4; lastKnownFileType = sourcecode.c.objc; path = ArtistInfoResponse.m; sourceTree = "<group>"; };
		4E899A5F18B136BD008FCB04 /* Model.xcdatamodel */ = {isa = PBXFileReference; lastKnownFileType = wrapper.xcdatamodel; path = Model.xcdatamodel; sourceTree = "<group>"; };
		4E899A7A18B14317008FCB04 /* Artist+Guerrilla.h */ = {isa = PBXFileReference; fileEncoding = 4; lastKnownFileType = sourcecode.c.h; name = "Artist+Guerrilla.h"; path = "CoreData/Artist+Guerrilla.h"; sourceTree = "<group>"; };
		4E899A7B18B14317008FCB04 /* Artist+Guerrilla.m */ = {isa = PBXFileReference; fileEncoding = 4; lastKnownFileType = sourcecode.c.objc; name = "Artist+Guerrilla.m"; path = "CoreData/Artist+Guerrilla.m"; sourceTree = "<group>"; };
		4E899A7D18B14343008FCB04 /* FavoriteSong+Guerrilla.h */ = {isa = PBXFileReference; fileEncoding = 4; lastKnownFileType = sourcecode.c.h; name = "FavoriteSong+Guerrilla.h"; path = "CoreData/FavoriteSong+Guerrilla.h"; sourceTree = "<group>"; };
		4E899A7E18B14343008FCB04 /* FavoriteSong+Guerrilla.m */ = {isa = PBXFileReference; fileEncoding = 4; lastKnownFileType = sourcecode.c.objc; name = "FavoriteSong+Guerrilla.m"; path = "CoreData/FavoriteSong+Guerrilla.m"; sourceTree = "<group>"; };
		4E899A8018B166B3008FCB04 /* PlayerErrors.h */ = {isa = PBXFileReference; lastKnownFileType = sourcecode.c.h; path = PlayerErrors.h; sourceTree = "<group>"; };
		4E899A8118B2A1BB008FCB04 /* CoreDataTableViewController.h */ = {isa = PBXFileReference; fileEncoding = 4; lastKnownFileType = sourcecode.c.h; path = CoreDataTableViewController.h; sourceTree = "<group>"; };
		4E899A8218B2A1BB008FCB04 /* CoreDataTableViewController.m */ = {isa = PBXFileReference; fileEncoding = 4; lastKnownFileType = sourcecode.c.objc; path = CoreDataTableViewController.m; sourceTree = "<group>"; };
		4E899A8418B2A291008FCB04 /* FavoriteSongsCDTVC.h */ = {isa = PBXFileReference; fileEncoding = 4; lastKnownFileType = sourcecode.c.h; path = FavoriteSongsCDTVC.h; sourceTree = "<group>"; };
		4E899A8518B2A291008FCB04 /* FavoriteSongsCDTVC.m */ = {isa = PBXFileReference; fileEncoding = 4; lastKnownFileType = sourcecode.c.objc; path = FavoriteSongsCDTVC.m; sourceTree = "<group>"; };
		4E899A8718B3EA96008FCB04 /* filled_star.png */ = {isa = PBXFileReference; lastKnownFileType = image.png; name = filled_star.png; path = Images/filled_star.png; sourceTree = "<group>"; };
		4E899A8818B3EA96008FCB04 /* filled_star@2x.png */ = {isa = PBXFileReference; lastKnownFileType = image.png; name = "filled_star@2x.png"; path = "Images/filled_star@2x.png"; sourceTree = "<group>"; };
		4E899A8B18B3EB69008FCB04 /* empty_star.png */ = {isa = PBXFileReference; lastKnownFileType = image.png; name = empty_star.png; path = Images/empty_star.png; sourceTree = "<group>"; };
		4E899A8C18B3EB69008FCB04 /* empty_star@2x.png */ = {isa = PBXFileReference; lastKnownFileType = image.png; name = "empty_star@2x.png"; path = "Images/empty_star@2x.png"; sourceTree = "<group>"; };
		4E899A8F18B419F8008FCB04 /* radio.png */ = {isa = PBXFileReference; lastKnownFileType = image.png; name = radio.png; path = Images/radio.png; sourceTree = "<group>"; };
		4E899A9018B419F8008FCB04 /* radio@2x.png */ = {isa = PBXFileReference; lastKnownFileType = image.png; name = "radio@2x.png"; path = "Images/radio@2x.png"; sourceTree = "<group>"; };
		4E899A9318B41ADE008FCB04 /* star.png */ = {isa = PBXFileReference; lastKnownFileType = image.png; name = star.png; path = Images/star.png; sourceTree = "<group>"; };
		4E899A9418B41ADE008FCB04 /* star@2x.png */ = {isa = PBXFileReference; lastKnownFileType = image.png; name = "star@2x.png"; path = "Images/star@2x.png"; sourceTree = "<group>"; };
/* End PBXFileReference section */

/* Begin PBXFrameworksBuildPhase section */
		4E156DC118A81E7E009F28C8 /* Frameworks */ = {
			isa = PBXFrameworksBuildPhase;
			buildActionMask = 2147483647;
			files = (
				4E899A5418AFFC48008FCB04 /* SystemConfiguration.framework in Frameworks */,
				4E156DFF18A95E67009F28C8 /* AVFoundation.framework in Frameworks */,
				4E156DCA18A81E7E009F28C8 /* CoreGraphics.framework in Frameworks */,
				4E156DCC18A81E7E009F28C8 /* UIKit.framework in Frameworks */,
				4E156DC818A81E7E009F28C8 /* Foundation.framework in Frameworks */,
			);
			runOnlyForDeploymentPostprocessing = 0;
		};
		4E156DE218A81E7E009F28C8 /* Frameworks */ = {
			isa = PBXFrameworksBuildPhase;
			buildActionMask = 2147483647;
			files = (
				4E156DE718A81E7E009F28C8 /* XCTest.framework in Frameworks */,
				4E156DE918A81E7E009F28C8 /* UIKit.framework in Frameworks */,
				4E156DE818A81E7E009F28C8 /* Foundation.framework in Frameworks */,
			);
			runOnlyForDeploymentPostprocessing = 0;
		};
/* End PBXFrameworksBuildPhase section */

/* Begin PBXGroup section */
		4E156DBB18A81E7E009F28C8 = {
			isa = PBXGroup;
			children = (
				4E156DCD18A81E7E009F28C8 /* RadioGuerrillaPlayer */,
				4E156DEC18A81E7E009F28C8 /* RadioGuerrillaPlayerTests */,
				4E156DC618A81E7E009F28C8 /* Frameworks */,
				4E156DC518A81E7E009F28C8 /* Products */,
			);
			sourceTree = "<group>";
		};
		4E156DC518A81E7E009F28C8 /* Products */ = {
			isa = PBXGroup;
			children = (
				4E156DC418A81E7E009F28C8 /* RadioGuerrillaPlayer.app */,
				4E156DE518A81E7E009F28C8 /* RadioGuerrillaPlayerTests.xctest */,
			);
			name = Products;
			sourceTree = "<group>";
		};
		4E156DC618A81E7E009F28C8 /* Frameworks */ = {
			isa = PBXGroup;
			children = (
				4E899A5318AFFC48008FCB04 /* SystemConfiguration.framework */,
				4E156DFE18A95E67009F28C8 /* AVFoundation.framework */,
				4E156DFC18A821A3009F28C8 /* MediaPlayer.framework */,
				4E156DC718A81E7E009F28C8 /* Foundation.framework */,
				4E156DC918A81E7E009F28C8 /* CoreGraphics.framework */,
				4E156DCB18A81E7E009F28C8 /* UIKit.framework */,
				4E156DE618A81E7E009F28C8 /* XCTest.framework */,
			);
			name = Frameworks;
			sourceTree = "<group>";
		};
		4E156DCD18A81E7E009F28C8 /* RadioGuerrillaPlayer */ = {
			isa = PBXGroup;
			children = (
				4E899A8118B2A1BB008FCB04 /* CoreDataTableViewController.h */,
				4E899A8218B2A1BB008FCB04 /* CoreDataTableViewController.m */,
				4E899A6118B136C8008FCB04 /* CoreData */,
				4E899A5218AFFB2F008FCB04 /* Lastfm */,
				4E156EE518AEAA22009F28C8 /* Images */,
				4E156E0318AAD040009F28C8 /* AudioSession */,
				4E156DD618A81E7E009F28C8 /* AppDelegate.h */,
				4E156DD718A81E7E009F28C8 /* AppDelegate.m */,
				4E156DD918A81E7E009F28C8 /* Main.storyboard */,
				4E899A8418B2A291008FCB04 /* FavoriteSongsCDTVC.h */,
				4E899A8518B2A291008FCB04 /* FavoriteSongsCDTVC.m */,
				4E156DDC18A81E7E009F28C8 /* PlayerViewController.h */,
				4E156DDD18A81E7E009F28C8 /* PlayerViewController.m */,
				4E36A2D018BB82480064E613 /* SettingsViewController.h */,
				4E36A2D118BB82480064E613 /* SettingsViewController.m */,
				4E899A5518AFFD92008FCB04 /* Reachability.h */,
				4E899A5618AFFD92008FCB04 /* Reachability.m */,
				4E156DDF18A81E7E009F28C8 /* Images.xcassets */,
				4E156DCE18A81E7E009F28C8 /* Supporting Files */,
				4E899A8018B166B3008FCB04 /* PlayerErrors.h */,
			);
			path = RadioGuerrillaPlayer;
			sourceTree = "<group>";
		};
		4E156DCE18A81E7E009F28C8 /* Supporting Files */ = {
			isa = PBXGroup;
			children = (
				4E156DCF18A81E7E009F28C8 /* RadioGuerrillaPlayer-Info.plist */,
				4E156DD018A81E7E009F28C8 /* InfoPlist.strings */,
				4E156DD318A81E7E009F28C8 /* main.m */,
				4E156DD518A81E7E009F28C8 /* RadioGuerrillaPlayer-Prefix.pch */,
			);
			name = "Supporting Files";
			sourceTree = "<group>";
		};
		4E156DEC18A81E7E009F28C8 /* RadioGuerrillaPlayerTests */ = {
			isa = PBXGroup;
			children = (
				4E156DF218A81E7E009F28C8 /* RadioGuerrillaPlayerTests.m */,
				4E156DED18A81E7E009F28C8 /* Supporting Files */,
			);
			path = RadioGuerrillaPlayerTests;
			sourceTree = "<group>";
		};
		4E156DED18A81E7E009F28C8 /* Supporting Files */ = {
			isa = PBXGroup;
			children = (
				4E156DEE18A81E7E009F28C8 /* RadioGuerrillaPlayerTests-Info.plist */,
				4E156DEF18A81E7E009F28C8 /* InfoPlist.strings */,
			);
			name = "Supporting Files";
			sourceTree = "<group>";
		};
		4E156E0318AAD040009F28C8 /* AudioSession */ = {
			isa = PBXGroup;
			children = (
				4E156E0018AAD037009F28C8 /* RGAudioSessionManager.h */,
				4E156E0118AAD037009F28C8 /* RGAudioSessionManager.m */,
				4E156E0418AAD0CB009F28C8 /* RGPlayController.h */,
				4E156E0518AAD0CB009F28C8 /* RGPlayController.m */,
			);
			name = AudioSession;
			path = ..;
			sourceTree = "<group>";
		};
		4E156EE518AEAA22009F28C8 /* Images */ = {
			isa = PBXGroup;
			children = (
				4E229D3718C1FDF3003F8B5C /* app_icon58.png */,
				4E229D3818C1FDF3003F8B5C /* app_icon80.png */,
				4E229D3918C1FDF3003F8B5C /* app_icon120.png */,
				4E36A2D318BB85310064E613 /* settings.png */,
				4E36A2D418BB85310064E613 /* settings@2x.png */,
				4E899A9318B41ADE008FCB04 /* star.png */,
				4E899A9418B41ADE008FCB04 /* star@2x.png */,
				4E899A8B18B3EB69008FCB04 /* empty_star.png */,
				4E899A8F18B419F8008FCB04 /* radio.png */,
				4E899A9018B419F8008FCB04 /* radio@2x.png */,
				4E899A8C18B3EB69008FCB04 /* empty_star@2x.png */,
				4E899A8718B3EA96008FCB04 /* filled_star.png */,
				4E899A8818B3EA96008FCB04 /* filled_star@2x.png */,
				4E156EEE18AEAC13009F28C8 /* radio-guerrilla-logo.png */,
				4E156EE618AEAA49009F28C8 /* pause.png */,
				4E156EE718AEAA49009F28C8 /* pause@2x.png */,
				4E156EE818AEAA49009F28C8 /* play.png */,
				4E156EE918AEAA49009F28C8 /* play@2x.png */,
			);
			name = Images;
			path = ..;
			sourceTree = "<group>";
		};
		4E899A5218AFFB2F008FCB04 /* Lastfm */ = {
			isa = PBXGroup;
			children = (
				4E899A4F18AFFB0A008FCB04 /* LastfmClient.h */,
				4E899A5018AFFB0A008FCB04 /* LastfmClient.m */,
				4E899A5818B0BB1A008FCB04 /* ArtistInfo.h */,
				4E899A5918B0BB1A008FCB04 /* ArtistInfo.m */,
				4E899A5B18B0E64E008FCB04 /* ArtistInfoResponse.h */,
				4E899A5C18B0E64E008FCB04 /* ArtistInfoResponse.m */,
			);
			name = Lastfm;
			sourceTree = "<group>";
		};
		4E899A6118B136C8008FCB04 /* CoreData */ = {
			isa = PBXGroup;
			children = (
				4E899A5E18B136BD008FCB04 /* Model.xcdatamodeld */,
				4E36A2CD18B9F05C0064E613 /* FavoriteSong.h */,
				4E36A2CE18B9F05C0064E613 /* FavoriteSong.m */,
				4E36A2CA18B9F05C0064E613 /* Artist.h */,
				4E36A2CB18B9F05C0064E613 /* Artist.m */,
				4E899A7A18B14317008FCB04 /* Artist+Guerrilla.h */,
				4E899A7B18B14317008FCB04 /* Artist+Guerrilla.m */,
				4E899A7D18B14343008FCB04 /* FavoriteSong+Guerrilla.h */,
				4E899A7E18B14343008FCB04 /* FavoriteSong+Guerrilla.m */,
			);
			name = CoreData;
			sourceTree = "<group>";
		};
/* End PBXGroup section */

/* Begin PBXNativeTarget section */
		4E156DC318A81E7E009F28C8 /* RadioGuerrillaPlayer */ = {
			isa = PBXNativeTarget;
			buildConfigurationList = 4E156DF618A81E7E009F28C8 /* Build configuration list for PBXNativeTarget "RadioGuerrillaPlayer" */;
			buildPhases = (
				4E156DC018A81E7E009F28C8 /* Sources */,
				4E156DC118A81E7E009F28C8 /* Frameworks */,
				4E156DC218A81E7E009F28C8 /* Resources */,
			);
			buildRules = (
			);
			dependencies = (
			);
			name = RadioGuerrillaPlayer;
			productName = RadioGuerrillaPlayer;
			productReference = 4E156DC418A81E7E009F28C8 /* RadioGuerrillaPlayer.app */;
			productType = "com.apple.product-type.application";
		};
		4E156DE418A81E7E009F28C8 /* RadioGuerrillaPlayerTests */ = {
			isa = PBXNativeTarget;
			buildConfigurationList = 4E156DF918A81E7E009F28C8 /* Build configuration list for PBXNativeTarget "RadioGuerrillaPlayerTests" */;
			buildPhases = (
				4E156DE118A81E7E009F28C8 /* Sources */,
				4E156DE218A81E7E009F28C8 /* Frameworks */,
				4E156DE318A81E7E009F28C8 /* Resources */,
			);
			buildRules = (
			);
			dependencies = (
				4E156DEB18A81E7E009F28C8 /* PBXTargetDependency */,
			);
			name = RadioGuerrillaPlayerTests;
			productName = RadioGuerrillaPlayerTests;
			productReference = 4E156DE518A81E7E009F28C8 /* RadioGuerrillaPlayerTests.xctest */;
			productType = "com.apple.product-type.bundle.unit-test";
		};
/* End PBXNativeTarget section */

/* Begin PBXProject section */
		4E156DBC18A81E7E009F28C8 /* Project object */ = {
			isa = PBXProject;
			attributes = {
				LastUpgradeCheck = 0500;
				ORGANIZATIONNAME = "Florin Munteanu";
				TargetAttributes = {
					4E156DE418A81E7E009F28C8 = {
						TestTargetID = 4E156DC318A81E7E009F28C8;
					};
				};
			};
			buildConfigurationList = 4E156DBF18A81E7E009F28C8 /* Build configuration list for PBXProject "RadioGuerrillaPlayer" */;
			compatibilityVersion = "Xcode 3.2";
			developmentRegion = English;
			hasScannedForEncodings = 0;
			knownRegions = (
				en,
				Base,
			);
			mainGroup = 4E156DBB18A81E7E009F28C8;
			productRefGroup = 4E156DC518A81E7E009F28C8 /* Products */;
			projectDirPath = "";
			projectRoot = "";
			targets = (
				4E156DC318A81E7E009F28C8 /* RadioGuerrillaPlayer */,
				4E156DE418A81E7E009F28C8 /* RadioGuerrillaPlayerTests */,
			);
		};
/* End PBXProject section */

/* Begin PBXResourcesBuildPhase section */
		4E156DC218A81E7E009F28C8 /* Resources */ = {
			isa = PBXResourcesBuildPhase;
			buildActionMask = 2147483647;
			files = (
				4E899A8918B3EA96008FCB04 /* filled_star.png in Resources */,
				4E36A2D618BB85310064E613 /* settings@2x.png in Resources */,
				4E899A8D18B3EB69008FCB04 /* empty_star.png in Resources */,
				4E899A9618B41ADE008FCB04 /* star@2x.png in Resources */,
				4E36A2D518BB85310064E613 /* settings.png in Resources */,
				4E156EED18AEAA49009F28C8 /* play@2x.png in Resources */,
				4E229D3B18C1FDF3003F8B5C /* app_icon80.png in Resources */,
				4E229D3A18C1FDF3003F8B5C /* app_icon58.png in Resources */,
				4E229D3C18C1FDF3003F8B5C /* app_icon120.png in Resources */,
				4E899A9118B419F8008FCB04 /* radio.png in Resources */,
				4E899A8A18B3EA96008FCB04 /* filled_star@2x.png in Resources */,
				4E156DE018A81E7E009F28C8 /* Images.xcassets in Resources */,
				4E156DD218A81E7E009F28C8 /* InfoPlist.strings in Resources */,
				4E156EEB18AEAA49009F28C8 /* pause@2x.png in Resources */,
				4E156EEF18AEAC13009F28C8 /* radio-guerrilla-logo.png in Resources */,
				4E156EEA18AEAA49009F28C8 /* pause.png in Resources */,
				4E899A9218B419F8008FCB04 /* radio@2x.png in Resources */,
				4E899A9518B41ADE008FCB04 /* star.png in Resources */,
				4E156DDB18A81E7E009F28C8 /* Main.storyboard in Resources */,
				4E899A8E18B3EB69008FCB04 /* empty_star@2x.png in Resources */,
				4E156EEC18AEAA49009F28C8 /* play.png in Resources */,
			);
			runOnlyForDeploymentPostprocessing = 0;
		};
		4E156DE318A81E7E009F28C8 /* Resources */ = {
			isa = PBXResourcesBuildPhase;
			buildActionMask = 2147483647;
			files = (
				4E156DF118A81E7E009F28C8 /* InfoPlist.strings in Resources */,
			);
			runOnlyForDeploymentPostprocessing = 0;
		};
/* End PBXResourcesBuildPhase section */

/* Begin PBXSourcesBuildPhase section */
		4E156DC018A81E7E009F28C8 /* Sources */ = {
			isa = PBXSourcesBuildPhase;
			buildActionMask = 2147483647;
			files = (
				4E156E0218AAD037009F28C8 /* RGAudioSessionManager.m in Sources */,
				4E156DDE18A81E7E009F28C8 /* PlayerViewController.m in Sources */,
				4E899A5D18B0E64E008FCB04 /* ArtistInfoResponse.m in Sources */,
				4E36A2CC18B9F05C0064E613 /* Artist.m in Sources */,
				4E899A7C18B14317008FCB04 /* Artist+Guerrilla.m in Sources */,
				4E899A5A18B0BB1A008FCB04 /* ArtistInfo.m in Sources */,
				4E899A7F18B14343008FCB04 /* FavoriteSong+Guerrilla.m in Sources */,
				4E36A2CF18B9F05C0064E613 /* FavoriteSong.m in Sources */,
				4E156E0618AAD0CB009F28C8 /* RGPlayController.m in Sources */,
				4E36A2D218BB82480064E613 /* SettingsViewController.m in Sources */,
				4E899A5718AFFD92008FCB04 /* Reachability.m in Sources */,
				4E899A5118AFFB0A008FCB04 /* LastfmClient.m in Sources */,
				4E899A6018B136BD008FCB04 /* Model.xcdatamodeld in Sources */,
				4E156DD818A81E7E009F28C8 /* AppDelegate.m in Sources */,
				4E899A8618B2A291008FCB04 /* FavoriteSongsCDTVC.m in Sources */,
				4E156DD418A81E7E009F28C8 /* main.m in Sources */,
				4E899A8318B2A1BB008FCB04 /* CoreDataTableViewController.m in Sources */,
			);
			runOnlyForDeploymentPostprocessing = 0;
		};
		4E156DE118A81E7E009F28C8 /* Sources */ = {
			isa = PBXSourcesBuildPhase;
			buildActionMask = 2147483647;
			files = (
				4E156DF318A81E7E009F28C8 /* RadioGuerrillaPlayerTests.m in Sources */,
			);
			runOnlyForDeploymentPostprocessing = 0;
		};
/* End PBXSourcesBuildPhase section */

/* Begin PBXTargetDependency section */
		4E156DEB18A81E7E009F28C8 /* PBXTargetDependency */ = {
			isa = PBXTargetDependency;
			target = 4E156DC318A81E7E009F28C8 /* RadioGuerrillaPlayer */;
			targetProxy = 4E156DEA18A81E7E009F28C8 /* PBXContainerItemProxy */;
		};
/* End PBXTargetDependency section */

/* Begin PBXVariantGroup section */
		4E156DD018A81E7E009F28C8 /* InfoPlist.strings */ = {
			isa = PBXVariantGroup;
			children = (
				4E156DD118A81E7E009F28C8 /* en */,
			);
			name = InfoPlist.strings;
			sourceTree = "<group>";
		};
		4E156DD918A81E7E009F28C8 /* Main.storyboard */ = {
			isa = PBXVariantGroup;
			children = (
				4E156DDA18A81E7E009F28C8 /* Base */,
			);
			name = Main.storyboard;
			sourceTree = "<group>";
		};
		4E156DEF18A81E7E009F28C8 /* InfoPlist.strings */ = {
			isa = PBXVariantGroup;
			children = (
				4E156DF018A81E7E009F28C8 /* en */,
			);
			name = InfoPlist.strings;
			sourceTree = "<group>";
		};
/* End PBXVariantGroup section */

/* Begin XCBuildConfiguration section */
		4E156DF418A81E7E009F28C8 /* Debug */ = {
			isa = XCBuildConfiguration;
			buildSettings = {
				ALWAYS_SEARCH_USER_PATHS = NO;
				ARCHS = "$(ARCHS_STANDARD_INCLUDING_64_BIT)";
				CLANG_CXX_LANGUAGE_STANDARD = "gnu++0x";
				CLANG_CXX_LIBRARY = "libc++";
				CLANG_ENABLE_MODULES = YES;
				CLANG_ENABLE_OBJC_ARC = YES;
				CLANG_WARN_BOOL_CONVERSION = YES;
				CLANG_WARN_CONSTANT_CONVERSION = YES;
				CLANG_WARN_DIRECT_OBJC_ISA_USAGE = YES_ERROR;
				CLANG_WARN_EMPTY_BODY = YES;
				CLANG_WARN_ENUM_CONVERSION = YES;
				CLANG_WARN_INT_CONVERSION = YES;
				CLANG_WARN_OBJC_ROOT_CLASS = YES_ERROR;
				CLANG_WARN__DUPLICATE_METHOD_MATCH = YES;
				"CODE_SIGN_IDENTITY[sdk=iphoneos*]" = "iPhone Developer";
				COPY_PHASE_STRIP = NO;
				GCC_C_LANGUAGE_STANDARD = gnu99;
				GCC_DYNAMIC_NO_PIC = NO;
				GCC_OPTIMIZATION_LEVEL = 0;
				GCC_PREPROCESSOR_DEFINITIONS = (
					"DEBUG=1",
					"$(inherited)",
				);
				GCC_SYMBOLS_PRIVATE_EXTERN = NO;
				GCC_WARN_64_TO_32_BIT_CONVERSION = YES;
				GCC_WARN_ABOUT_RETURN_TYPE = YES_ERROR;
				GCC_WARN_UNDECLARED_SELECTOR = YES;
				GCC_WARN_UNINITIALIZED_AUTOS = YES;
				GCC_WARN_UNUSED_FUNCTION = YES;
				GCC_WARN_UNUSED_VARIABLE = YES;
				IPHONEOS_DEPLOYMENT_TARGET = 7.0;
				ONLY_ACTIVE_ARCH = YES;
				SDKROOT = iphoneos;
			};
			name = Debug;
		};
		4E156DF518A81E7E009F28C8 /* Release */ = {
			isa = XCBuildConfiguration;
			buildSettings = {
				ALWAYS_SEARCH_USER_PATHS = NO;
				ARCHS = "$(ARCHS_STANDARD_INCLUDING_64_BIT)";
				CLANG_CXX_LANGUAGE_STANDARD = "gnu++0x";
				CLANG_CXX_LIBRARY = "libc++";
				CLANG_ENABLE_MODULES = YES;
				CLANG_ENABLE_OBJC_ARC = YES;
				CLANG_WARN_BOOL_CONVERSION = YES;
				CLANG_WARN_CONSTANT_CONVERSION = YES;
				CLANG_WARN_DIRECT_OBJC_ISA_USAGE = YES_ERROR;
				CLANG_WARN_EMPTY_BODY = YES;
				CLANG_WARN_ENUM_CONVERSION = YES;
				CLANG_WARN_INT_CONVERSION = YES;
				CLANG_WARN_OBJC_ROOT_CLASS = YES_ERROR;
				CLANG_WARN__DUPLICATE_METHOD_MATCH = YES;
				"CODE_SIGN_IDENTITY[sdk=iphoneos*]" = "iPhone Developer";
				COPY_PHASE_STRIP = YES;
				ENABLE_NS_ASSERTIONS = NO;
				GCC_C_LANGUAGE_STANDARD = gnu99;
				GCC_WARN_64_TO_32_BIT_CONVERSION = YES;
				GCC_WARN_ABOUT_RETURN_TYPE = YES_ERROR;
				GCC_WARN_UNDECLARED_SELECTOR = YES;
				GCC_WARN_UNINITIALIZED_AUTOS = YES;
				GCC_WARN_UNUSED_FUNCTION = YES;
				GCC_WARN_UNUSED_VARIABLE = YES;
				IPHONEOS_DEPLOYMENT_TARGET = 7.0;
				SDKROOT = iphoneos;
				VALIDATE_PRODUCT = YES;
			};
			name = Release;
		};
		4E156DF718A81E7E009F28C8 /* Debug */ = {
			isa = XCBuildConfiguration;
			buildSettings = {
				ASSETCATALOG_COMPILER_LAUNCHIMAGE_NAME = LaunchImage;
				GCC_PRECOMPILE_PREFIX_HEADER = YES;
				GCC_PREFIX_HEADER = "RadioGuerrillaPlayer/RadioGuerrillaPlayer-Prefix.pch";
				INFOPLIST_FILE = "RadioGuerrillaPlayer/RadioGuerrillaPlayer-Info.plist";
				PRODUCT_NAME = "$(TARGET_NAME)";
				WRAPPER_EXTENSION = app;
			};
			name = Debug;
		};
		4E156DF818A81E7E009F28C8 /* Release */ = {
			isa = XCBuildConfiguration;
			buildSettings = {
				ASSETCATALOG_COMPILER_LAUNCHIMAGE_NAME = LaunchImage;
				GCC_PRECOMPILE_PREFIX_HEADER = YES;
				GCC_PREFIX_HEADER = "RadioGuerrillaPlayer/RadioGuerrillaPlayer-Prefix.pch";
				INFOPLIST_FILE = "RadioGuerrillaPlayer/RadioGuerrillaPlayer-Info.plist";
				PRODUCT_NAME = "$(TARGET_NAME)";
				WRAPPER_EXTENSION = app;
			};
			name = Release;
		};
		4E156DFA18A81E7E009F28C8 /* Debug */ = {
			isa = XCBuildConfiguration;
			buildSettings = {
				ARCHS = "$(ARCHS_STANDARD_INCLUDING_64_BIT)";
				BUNDLE_LOADER = "$(BUILT_PRODUCTS_DIR)/RadioGuerrillaPlayer.app/RadioGuerrillaPlayer";
				FRAMEWORK_SEARCH_PATHS = (
					"$(SDKROOT)/Developer/Library/Frameworks",
					"$(inherited)",
					"$(DEVELOPER_FRAMEWORKS_DIR)",
				);
				GCC_PRECOMPILE_PREFIX_HEADER = YES;
				GCC_PREFIX_HEADER = "RadioGuerrillaPlayer/RadioGuerrillaPlayer-Prefix.pch";
				GCC_PREPROCESSOR_DEFINITIONS = (
					"DEBUG=1",
					"$(inherited)",
				);
				INFOPLIST_FILE = "RadioGuerrillaPlayerTests/RadioGuerrillaPlayerTests-Info.plist";
				PRODUCT_NAME = "$(TARGET_NAME)";
				TEST_HOST = "$(BUNDLE_LOADER)";
				WRAPPER_EXTENSION = xctest;
			};
			name = Debug;
		};
		4E156DFB18A81E7E009F28C8 /* Release */ = {
			isa = XCBuildConfiguration;
			buildSettings = {
				ARCHS = "$(ARCHS_STANDARD_INCLUDING_64_BIT)";
				BUNDLE_LOADER = "$(BUILT_PRODUCTS_DIR)/RadioGuerrillaPlayer.app/RadioGuerrillaPlayer";
				FRAMEWORK_SEARCH_PATHS = (
					"$(SDKROOT)/Developer/Library/Frameworks",
					"$(inherited)",
					"$(DEVELOPER_FRAMEWORKS_DIR)",
				);
				GCC_PRECOMPILE_PREFIX_HEADER = YES;
				GCC_PREFIX_HEADER = "RadioGuerrillaPlayer/RadioGuerrillaPlayer-Prefix.pch";
				INFOPLIST_FILE = "RadioGuerrillaPlayerTests/RadioGuerrillaPlayerTests-Info.plist";
				PRODUCT_NAME = "$(TARGET_NAME)";
				TEST_HOST = "$(BUNDLE_LOADER)";
				WRAPPER_EXTENSION = xctest;
			};
			name = Release;
		};
/* End XCBuildConfiguration section */

/* Begin XCConfigurationList section */
		4E156DBF18A81E7E009F28C8 /* Build configuration list for PBXProject "RadioGuerrillaPlayer" */ = {
			isa = XCConfigurationList;
			buildConfigurations = (
				4E156DF418A81E7E009F28C8 /* Debug */,
				4E156DF518A81E7E009F28C8 /* Release */,
			);
			defaultConfigurationIsVisible = 0;
			defaultConfigurationName = Release;
		};
		4E156DF618A81E7E009F28C8 /* Build configuration list for PBXNativeTarget "RadioGuerrillaPlayer" */ = {
			isa = XCConfigurationList;
			buildConfigurations = (
				4E156DF718A81E7E009F28C8 /* Debug */,
				4E156DF818A81E7E009F28C8 /* Release */,
			);
			defaultConfigurationIsVisible = 0;
			defaultConfigurationName = Release;
		};
		4E156DF918A81E7E009F28C8 /* Build configuration list for PBXNativeTarget "RadioGuerrillaPlayerTests" */ = {
			isa = XCConfigurationList;
			buildConfigurations = (
				4E156DFA18A81E7E009F28C8 /* Debug */,
				4E156DFB18A81E7E009F28C8 /* Release */,
			);
			defaultConfigurationIsVisible = 0;
			defaultConfigurationName = Release;
		};
/* End XCConfigurationList section */

/* Begin XCVersionGroup section */
		4E899A5E18B136BD008FCB04 /* Model.xcdatamodeld */ = {
			isa = XCVersionGroup;
			children = (
				4E899A5F18B136BD008FCB04 /* Model.xcdatamodel */,
			);
			currentVersion = 4E899A5F18B136BD008FCB04 /* Model.xcdatamodel */;
			name = Model.xcdatamodeld;
			path = CoreData/Model.xcdatamodeld;
			sourceTree = "<group>";
			versionGroupType = wrapper.xcdatamodel;
		};
/* End XCVersionGroup section */
	};
	rootObject = 4E156DBC18A81E7E009F28C8 /* Project object */;
}
